PODS:
  - Nimble (7.3.1)
  - Quick (1.3.2)
  - SFaceCompare (2.5.0)

DEPENDENCIES:
  - Nimble
  - Quick
  - SFaceCompare (from `../`)

SPEC REPOS:
  https://github.com/cocoapods/specs.git:
    - Nimble
    - Quick

EXTERNAL SOURCES:
  SFaceCompare:
    :path: "../"

SPEC CHECKSUMS:
  Nimble: 04f732da099ea4d153122aec8c2a88fd0c7219ae
  Quick: 2623cb30d7a7f41ca62f684f679586558f483d46
  SFaceCompare: 877bcf11d0fc75f349bf188e8482fd27e7e7d8f7

PODFILE CHECKSUM: afc4fe3e25809ac322e3d51f9d75b15dc537b44e

COCOAPODS: 1.5.3
